
Microsoft Visual Studio Solution File, Format Version 12.00
# Visual Studio Version 16
VisualStudioVersion = 16.0.31410.357
MinimumVisualStudioVersion = 10.0.40219.1
Project("{FAE04EC0-301F-11D3-BF4B-00C04F79EFBC}") = "MvcNews", "MvcNews\MvcNews.csproj", "{8312B0B5-3047-4CFE-85AA-B0392DB1A83A}"
EndProject
Global
	GlobalSection(SolutionConfigurationPlatforms) = preSolution
		Debug|Any CPU = Debug|Any CPU
		Release|Any CPU = Release|Any CPU
	EndGlobalSection
	GlobalSection(ProjectConfigurationPlatforms) = postSolution
		{8312B0B5-3047-4CFE-85AA-B0392DB1A83A}.Debug|Any CPU.ActiveCfg = Debug|Any CPU
		{8312B0B5-3047-4CFE-85AA-B0392DB1A83A}.Debug|Any CPU.Build.0 = Debug|Any CPU
		{8312B0B5-3047-4CFE-85AA-B0392DB1A83A}.Release|Any CPU.ActiveCfg = Release|Any CPU
		{8312B0B5-3047-4CFE-85AA-B0392DB1A83A}.Release|Any CPU.Build.0 = Release|Any CPU
	EndGlobalSection
	GlobalSection(SolutionProperties) = preSolution
		HideSolutionNode = FALSE
	EndGlobalSection
	GlobalSection(ExtensibilityGlobals) = postSolution
		SolutionGuid = {DC1DE131-41BF-49B4-B958-B1FF3A5FE287}
	EndGlobalSection
EndGlobal
